
Microsoft Visual Studio Solution File, Format Version 12.00
# Visual Studio 15
VisualStudioVersion = 15.0.28307.902
MinimumVisualStudioVersion = 10.0.40219.1
Project("{FAE04EC0-301F-11D3-BF4B-00C04F79EFBC}") = "marionettes", "marionettes.csproj", "{C34CE632-ADEA-4A67-BA23-2B59034D633D}"
EndProject
Global
	GlobalSection(SolutionConfigurationPlatforms) = preSolution
		Debug|Any CPU = Debug|Any CPU
		Release|Any CPU = Release|Any CPU
	EndGlobalSection
	GlobalSection(ProjectConfigurationPlatforms) = postSolution
		{C34CE632-ADEA-4A67-BA23-2B59034D633D}.Debug|Any CPU.ActiveCfg = Debug|Any CPU
		{C34CE632-ADEA-4A67-BA23-2B59034D633D}.Debug|Any CPU.Build.0 = Debug|Any CPU
		{C34CE632-ADEA-4A67-BA23-2B59034D633D}.Release|Any CPU.ActiveCfg = Release|Any CPU
		{C34CE632-ADEA-4A67-BA23-2B59034D633D}.Release|Any CPU.Build.0 = Release|Any CPU
	EndGlobalSection
	GlobalSection(SolutionProperties) = preSolution
		HideSolutionNode = FALSE
	EndGlobalSection
	GlobalSection(ExtensibilityGlobals) = postSolution
		SolutionGuid = {F5A64796-6036-41A3-9FAB-6330EF4EF5AF}
	EndGlobalSection
EndGlobal
